lockfileVersion: '9.0'

settings:
  autoInstallPeers: true
  excludeLinksFromLockfile: false

importers:

  .:
    devDependencies:
      '@deepseek-ai/cordis':
        specifier: ^4.0.1
        version: 4.0.1

packages:

  '@deepseek-ai/cordis@4.0.1':
    resolution: {integrity: sha512-YBdskTU2Po1kru3GgcUWUbkTsPMA9LkSQDAY8rBkFJeajdgcQad3QPJZE26JyK99Xb6HaASvoXg2DSUTeN/0Nw==}
    hasBin: true
    peerDependencies:
      '@deepseek-ai/cordis-plugin-include': ^1.0.6
      '@deepseek-ai/cordis-plugin-loader': ^1.0.2
    peerDependenciesMeta:
      '@deepseek-ai/cordis-plugin-include':
        optional: true
      '@deepseek-ai/cordis-plugin-loader':
        optional: true

  '@deepseek-ai/cosmokit@1.8.2':
    resolution: {integrity: sha512-muBOKtSrUKU5m/xpq8ZXWL6hQ/jgd4PhU2PqH97bcxIiLEJfNwZOGQEx4t/aS/GgxRAR+ra9pMHPMtTHU4sqqA==}

  '@standard-schema/spec@1.1.0':
    resolution: {integrity: sha512-l2aFy5jALhniG5HgqrD6jXLi/rUWrKvqN/qJx6yoJsgKhblVd+iqqU4RCXavm/jPityDo5TCvKMnpjKnOriy0w==}

snapshots:

  '@deepseek-ai/cordis@4.0.1':
    dependencies:
      '@deepseek-ai/cosmokit': 1.8.2
      '@standard-schema/spec': 1.1.0

  '@deepseek-ai/cosmokit@1.8.2': {}

  '@standard-schema/spec@1.1.0': {}
